// !$*UTF8*$!
{
	archiveVersion = 1;
	classes = {
	};
	objectVersion = 46;
	objects = {

/* Begin PBXBuildFile section */
		B5F3A25D1CF7FBB800A1AA08 /* main.cpp in Sources */ = {isa = PBXBuildFile; fileRef = B5F3A25C1CF7FBB800A1AA08 /* main.cpp */; };
/* End PBXBuildFile section */

/* Begin PBXFileReference section */
		B5F3A2591CF7FBB800A1AA08 /* balls */ = {isa = PBXFileReference; explicitFileType = "compiled.mach-o.executable"; includeInIndex = 0; path = balls; sourceTree = BUILT_PRODUCTS_DIR; };
		B5F3A25C1CF7FBB800A1AA08 /* main.cpp */ = {isa = PBXFileReference; lastKnownFileType = sourcecode.cpp.cpp; path = main.cpp; sourceTree = "<group>"; usesTabs = 1; };
/* End PBXFileReference section */

/* Begin PBXFrameworksBuildPhase section */
		B5F3A2571CF7FBB700A1AA08 /* Frameworks */ = {
			isa = PBXFrameworksBuildPhase;
			buildActionMask = 2147483647;
			files = (
			);
			runOnlyForDeploymentPostprocessing = 0;
		};
/* End PBXFrameworksBuildPhase section */

/* Begin PBXGroup section */
		B5F3A2511CF7FBB600A1AA08 = {
			isa = PBXGroup;
			children = (
				B5F3A25B1CF7FBB800A1AA08 /* balls */,
				B5F3A25A1CF7FBB800A1AA08 /* Products */,
			);
			sourceTree = "<group>";
		};
		B5F3A25A1CF7FBB800A1AA08 /* Products */ = {
			isa = PBXGroup;
			children = (
				B5F3A2591CF7FBB800A1AA08 /* balls */,
			);
			name = Products;
			sourceTree = "<group>";
		};
		B5F3A25B1CF7FBB800A1AA08 /* balls */ = {
			isa = PBXGroup;
			children = (
				B5F3A25C1CF7FBB800A1AA08 /* main.cpp */,
			);
			path = balls;
			sourceTree = "<group>";
		};
/* End PBXGroup section */

/* Begin PBXNativeTarget section */
		B5F3A2581CF7FBB700A1AA08 /* balls */ = {
			isa = PBXNativeTarget;
			buildConfigurationList = B5F3A2651CF7FBB900A1AA08 /* Build configuration list for PBXNativeTarget "balls" */;
			buildPhases = (
				B5F3A2561CF7FBB700A1AA08 /* Sources */,
				B5F3A2571CF7FBB700A1AA08 /* Frameworks */,
			);
			buildRules = (
			);
			dependencies = (
			);
			name = balls;
			productName = balls;
			productReference = B5F3A2591CF7FBB800A1AA08 /* balls */;
			productType = "com.apple.product-type.tool";
		};
/* End PBXNativeTarget section */

/* Begin PBXProject section */
		B5F3A2521CF7FBB700A1AA08 /* Project object */ = {
			isa = PBXProject;
			attributes = {
				LastUpgradeCheck = 0720;
				ORGANIZATIONNAME = "Ben C.-K.";
				TargetAttributes = {
					B5F3A2581CF7FBB700A1AA08 = {
						CreatedOnToolsVersion = 7.2.1;
					};
				};
			};
			buildConfigurationList = B5F3A2551CF7FBB700A1AA08 /* Build configuration list for PBXProject "balls" */;
			compatibilityVersion = "Xcode 3.2";
			developmentRegion = English;
			hasScannedForEncodings = 0;
			knownRegions = (
				en,
			);
			mainGroup = B5F3A2511CF7FBB600A1AA08;
			productRefGroup = B5F3A25A1CF7FBB800A1AA08 /* Products */;
			projectDirPath = "";
			projectRoot = "";
			targets = (
				B5F3A2581CF7FBB700A1AA08 /* balls */,
			);
		};
/* End PBXProject section */

/* Begin PBXSourcesBuildPhase section */
		B5F3A2561CF7FBB700A1AA08 /* Sources */ = {
			isa = PBXSourcesBuildPhase;
			buildActionMask = 2147483647;
			files = (
				B5F3A25D1CF7FBB800A1AA08 /* main.cpp in Sources */,
			);
			runOnlyForDeploymentPostprocessing = 0;
		};
/* End PBXSourcesBuildPhase section */

/* Begin XCBuildConfiguration section */
		B5F3A2631CF7FBB900A1AA08 /* Debug */ = {
			isa = XCBuildConfiguration;
			buildSettings = {
				ARCHS = (
					i386,
					x86_64,
				);
				CLANG_CXX_LANGUAGE_STANDARD = "c++0x";
				CLANG_CXX_LIBRARY = "libc++";
				FRAMEWORK_SEARCH_PATHS = (
					/Library/Frameworks/,
					"$(inherited)",
				);
				GCC_VERSION = com.apple.compilers.llvm.clang.1_0;
				HEADER_SEARCH_PATHS = (
					/usr/local/include/,
					"$(inherited)",
				);
				LIBRARY_SEARCH_PATHS = (
					/usr/local/lib/,
					"$(inherited)",
				);
				MACOSX_DEPLOYMENT_TARGET = 10.7;
				OTHER_LDFLAGS = (
					"$(inherited)",
					"$(SFML_SYSTEM)",
					"$(SFML_WINDOW)",
					"$(SFML_GRAPHICS)",
					"$(SFML_AUDIO)",
					"$(SFML_NETWORK)",
				);
				SFML_AUDIO = "$(SFML_LINK_PREFIX) sfml-audio$(SFML_LINK_SUFFIX)";
				SFML_BINARY_TYPE = FRAMEWORKS;
				SFML_GRAPHICS = "$(SFML_LINK_PREFIX) sfml-graphics$(SFML_LINK_SUFFIX)";
				SFML_LINK_DYLIBS_PREFIX = "-l";
				SFML_LINK_DYLIBS_SUFFIX = "";
				SFML_LINK_FRAMEWORKS_PREFIX = "-framework";
				SFML_LINK_FRAMEWORKS_SUFFIX = "";
				SFML_LINK_PREFIX = "$(SFML_LINK_$(SFML_BINARY_TYPE)_PREFIX)";
				SFML_LINK_SUFFIX = "$(SFML_LINK_$(SFML_BINARY_TYPE)_SUFFIX)";
				SFML_NETWORK = "";
				SFML_SYSTEM = "$(SFML_LINK_PREFIX) sfml-system$(SFML_LINK_SUFFIX)";
				SFML_WINDOW = "$(SFML_LINK_PREFIX) sfml-window$(SFML_LINK_SUFFIX)";
				SUPPORTED_PLATFORMS = macosx;
			};
			name = Debug;
		};
		B5F3A2641CF7FBB900A1AA08 /* Release */ = {
			isa = XCBuildConfiguration;
			buildSettings = {
				ARCHS = (
					i386,
					x86_64,
				);
				CLANG_CXX_LANGUAGE_STANDARD = "c++0x";
				CLANG_CXX_LIBRARY = "libc++";
				FRAMEWORK_SEARCH_PATHS = (
					/Library/Frameworks/,
					"$(inherited)",
				);
				GCC_VERSION = com.apple.compilers.llvm.clang.1_0;
				HEADER_SEARCH_PATHS = (
					/usr/local/include/,
					"$(inherited)",
				);
				LIBRARY_SEARCH_PATHS = (
					/usr/local/lib/,
					"$(inherited)",
				);
				MACOSX_DEPLOYMENT_TARGET = 10.7;
				OTHER_LDFLAGS = (
					"$(inherited)",
					"$(SFML_SYSTEM)",
					"$(SFML_WINDOW)",
					"$(SFML_GRAPHICS)",
					"$(SFML_AUDIO)",
					"$(SFML_NETWORK)",
				);
				SFML_AUDIO = "$(SFML_LINK_PREFIX) sfml-audio$(SFML_LINK_SUFFIX)";
				SFML_BINARY_TYPE = FRAMEWORKS;
				SFML_GRAPHICS = "$(SFML_LINK_PREFIX) sfml-graphics$(SFML_LINK_SUFFIX)";
				SFML_LINK_DYLIBS_PREFIX = "-l";
				SFML_LINK_DYLIBS_SUFFIX = "";
				SFML_LINK_FRAMEWORKS_PREFIX = "-framework";
				SFML_LINK_FRAMEWORKS_SUFFIX = "";
				SFML_LINK_PREFIX = "$(SFML_LINK_$(SFML_BINARY_TYPE)_PREFIX)";
				SFML_LINK_SUFFIX = "$(SFML_LINK_$(SFML_BINARY_TYPE)_SUFFIX)";
				SFML_NETWORK = "";
				SFML_SYSTEM = "$(SFML_LINK_PREFIX) sfml-system$(SFML_LINK_SUFFIX)";
				SFML_WINDOW = "$(SFML_LINK_PREFIX) sfml-window$(SFML_LINK_SUFFIX)";
				SUPPORTED_PLATFORMS = macosx;
			};
			name = Release;
		};
		B5F3A2661CF7FBB900A1AA08 /* Debug */ = {
			isa = XCBuildConfiguration;
			buildSettings = {
				PRODUCT_NAME = "$(TARGET_NAME)";
			};
			name = Debug;
		};
		B5F3A2671CF7FBB900A1AA08 /* Release */ = {
			isa = XCBuildConfiguration;
			buildSettings = {
				PRODUCT_NAME = "$(TARGET_NAME)";
			};
			name = Release;
		};
/* End XCBuildConfiguration section */

/* Begin XCConfigurationList section */
		B5F3A2551CF7FBB700A1AA08 /* Build configuration list for PBXProject "balls" */ = {
			isa = XCConfigurationList;
			buildConfigurations = (
				B5F3A2631CF7FBB900A1AA08 /* Debug */,
				B5F3A2641CF7FBB900A1AA08 /* Release */,
			);
			defaultConfigurationIsVisible = 0;
			defaultConfigurationName = Release;
		};
		B5F3A2651CF7FBB900A1AA08 /* Build configuration list for PBXNativeTarget "balls" */ = {
			isa = XCConfigurationList;
			buildConfigurations = (
				B5F3A2661CF7FBB900A1AA08 /* Debug */,
				B5F3A2671CF7FBB900A1AA08 /* Release */,
			);
			defaultConfigurationIsVisible = 0;
			defaultConfigurationName = Release;
		};
/* End XCConfigurationList section */
	};
	rootObject = B5F3A2521CF7FBB700A1AA08 /* Project object */;
}
